
Microsoft Visual Studio Solution File, Format Version 12.00
# Visual Studio Version 16
VisualStudioVersion = 16.0.31112.23
MinimumVisualStudioVersion = 10.0.40219.1
Project("{FAE04EC0-301F-11D3-BF4B-00C04F79EFBC}") = "AnyChanger", "AnyChanger\AnyChanger.csproj", "{7E046B51-43A7-44C5-B93D-E9634E9F7CB1}"
EndProject
Global
	GlobalSection(SolutionConfigurationPlatforms) = preSolution
		Debug|Any CPU = Debug|Any CPU
		Release|Any CPU = Release|Any CPU
	EndGlobalSection
	GlobalSection(ProjectConfigurationPlatforms) = postSolution
		{7E046B51-43A7-44C5-B93D-E9634E9F7CB1}.Debug|Any CPU.ActiveCfg = Debug|Any CPU
		{7E046B51-43A7-44C5-B93D-E9634E9F7CB1}.Debug|Any CPU.Build.0 = Debug|Any CPU
		{7E046B51-43A7-44C5-B93D-E9634E9F7CB1}.Release|Any CPU.ActiveCfg = Release|Any CPU
		{7E046B51-43A7-44C5-B93D-E9634E9F7CB1}.Release|Any CPU.Build.0 = Release|Any CPU
	EndGlobalSection
	GlobalSection(SolutionProperties) = preSolution
		HideSolutionNode = FALSE
	EndGlobalSection
	GlobalSection(ExtensibilityGlobals) = postSolution
		SolutionGuid = {85E34475-648D-48CA-85D0-756D6323E18E}
	EndGlobalSection
EndGlobal
